
Microsoft Visual Studio Solution File, Format Version 12.00
# Visual Studio Version 16
VisualStudioVersion = 16.0.30503.244
MinimumVisualStudioVersion = 10.0.40219.1
Project("{FAE04EC0-301F-11D3-BF4B-00C04F79EFBC}") = "BottomBar.Android", "BottomBar\BottomBar.Android\BottomBar.Android.csproj", "{14D07435-25A6-43D7-B83B-B9834F31A8FE}"
EndProject
Project("{FAE04EC0-301F-11D3-BF4B-00C04F79EFBC}") = "BottomBar", "BottomBar\BottomBar\BottomBar.csproj", "{1BCB8625-4901-45DF-A318-C2182A454B8E}"
EndProject
Global
	GlobalSection(SolutionConfigurationPlatforms) = preSolution
		Debug|Any CPU = Debug|Any CPU
		Release|Any CPU = Release|Any CPU
	EndGlobalSection
	GlobalSection(ProjectConfigurationPlatforms) = postSolution
		{14D07435-25A6-43D7-B83B-B9834F31A8FE}.Debug|Any CPU.ActiveCfg = Debug|Any CPU
		{14D07435-25A6-43D7-B83B-B9834F31A8FE}.Debug|Any CPU.Build.0 = Debug|Any CPU
		{14D07435-25A6-43D7-B83B-B9834F31A8FE}.Debug|Any CPU.Deploy.0 = Debug|Any CPU
		{14D07435-25A6-43D7-B83B-B9834F31A8FE}.Release|Any CPU.ActiveCfg = Release|Any CPU
		{14D07435-25A6-43D7-B83B-B9834F31A8FE}.Release|Any CPU.Build.0 = Release|Any CPU
		{14D07435-25A6-43D7-B83B-B9834F31A8FE}.Release|Any CPU.Deploy.0 = Release|Any CPU
		{1BCB8625-4901-45DF-A318-C2182A454B8E}.Debug|Any CPU.ActiveCfg = Debug|Any CPU
		{1BCB8625-4901-45DF-A318-C2182A454B8E}.Debug|Any CPU.Build.0 = Debug|Any CPU
		{1BCB8625-4901-45DF-A318-C2182A454B8E}.Debug|Any CPU.Deploy.0 = Debug|Any CPU
		{1BCB8625-4901-45DF-A318-C2182A454B8E}.Release|Any CPU.ActiveCfg = Release|Any CPU
		{1BCB8625-4901-45DF-A318-C2182A454B8E}.Release|Any CPU.Build.0 = Release|Any CPU
		{1BCB8625-4901-45DF-A318-C2182A454B8E}.Release|Any CPU.Deploy.0 = Release|Any CPU
	EndGlobalSection
	GlobalSection(SolutionProperties) = preSolution
		HideSolutionNode = FALSE
	EndGlobalSection
	GlobalSection(ExtensibilityGlobals) = postSolution
		SolutionGuid = {9A52FE1F-2398-4FE7-9655-E64FA03E0026}
	EndGlobalSection
EndGlobal
